// !$*UTF8*$!
{
	archiveVersion = 1;
	classes = {
	};
	objectVersion = 50;
	objects = {

/* Begin PBXBuildFile section */
		C472048D2536C63500840B0B /* AppDelegate.swift in Sources */ = {isa = PBXBuildFile; fileRef = C472048C2536C63500840B0B /* AppDelegate.swift */; };
		C47204912536C63500840B0B /* ViewController.swift in Sources */ = {isa = PBXBuildFile; fileRef = C47204902536C63500840B0B /* ViewController.swift */; };
		C47204942536C63500840B0B /* Main.storyboard in Resources */ = {isa = PBXBuildFile; fileRef = C47204922536C63500840B0B /* Main.storyboard */; };
		C47204962536C63800840B0B /* Assets.xcassets in Resources */ = {isa = PBXBuildFile; fileRef = C47204952536C63800840B0B /* Assets.xcassets */; };
		C47204992536C63800840B0B /* LaunchScreen.storyboard in Resources */ = {isa = PBXBuildFile; fileRef = C47204972536C63800840B0B /* LaunchScreen.storyboard */; };
		C47204A12536C87500840B0B /* CollectionViewCell.swift in Sources */ = {isa = PBXBuildFile; fileRef = C47204A02536C87500840B0B /* CollectionViewCell.swift */; };
		C47204A32536C98100840B0B /* XTWaterFlowLayout.swift in Sources */ = {isa = PBXBuildFile; fileRef = C47204A22536C98100840B0B /* XTWaterFlowLayout.swift */; };
		C47204A72536FF4C00840B0B /* CollectionIconView.swift in Sources */ = {isa = PBXBuildFile; fileRef = C47204A62536FF4C00840B0B /* CollectionIconView.swift */; };
/* End PBXBuildFile section */

/* Begin PBXFileReference section */
		C47204892536C63500840B0B /* CollectionIconDemo.app */ = {isa = PBXFileReference; explicitFileType = wrapper.application; includeInIndex = 0; path = CollectionIconDemo.app; sourceTree = BUILT_PRODUCTS_DIR; };
		C472048C2536C63500840B0B /* AppDelegate.swift */ = {isa = PBXFileReference; lastKnownFileType = sourcecode.swift; path = AppDelegate.swift; sourceTree = "<group>"; };
		C47204902536C63500840B0B /* ViewController.swift */ = {isa = PBXFileReference; lastKnownFileType = sourcecode.swift; path = ViewController.swift; sourceTree = "<group>"; };
		C47204932536C63500840B0B /* Base */ = {isa = PBXFileReference; lastKnownFileType = file.storyboard; name = Base; path = Base.lproj/Main.storyboard; sourceTree = "<group>"; };
		C47204952536C63800840B0B /* Assets.xcassets */ = {isa = PBXFileReference; lastKnownFileType = folder.assetcatalog; path = Assets.xcassets; sourceTree = "<group>"; };
		C47204982536C63800840B0B /* Base */ = {isa = PBXFileReference; lastKnownFileType = file.storyboard; name = Base; path = Base.lproj/LaunchScreen.storyboard; sourceTree = "<group>"; };
		C472049A2536C63800840B0B /* Info.plist */ = {isa = PBXFileReference; lastKnownFileType = text.plist.xml; path = Info.plist; sourceTree = "<group>"; };
		C47204A02536C87500840B0B /* CollectionViewCell.swift */ = {isa = PBXFileReference; lastKnownFileType = sourcecode.swift; path = CollectionViewCell.swift; sourceTree = "<group>"; };
		C47204A22536C98100840B0B /* XTWaterFlowLayout.swift */ = {isa = PBXFileReference; lastKnownFileType = sourcecode.swift; path = XTWaterFlowLayout.swift; sourceTree = "<group>"; };
		C47204A62536FF4C00840B0B /* CollectionIconView.swift */ = {isa = PBXFileReference; lastKnownFileType = sourcecode.swift; path = CollectionIconView.swift; sourceTree = "<group>"; };
/* End PBXFileReference section */

/* Begin PBXFrameworksBuildPhase section */
		C47204862536C63500840B0B /* Frameworks */ = {
			isa = PBXFrameworksBuildPhase;
			buildActionMask = 2147483647;
			files = (
			);
			runOnlyForDeploymentPostprocessing = 0;
		};
/* End PBXFrameworksBuildPhase section */

/* Begin PBXGroup section */
		C47204802536C63500840B0B = {
			isa = PBXGroup;
			children = (
				C472048B2536C63500840B0B /* CollectionIconDemo */,
				C472048A2536C63500840B0B /* Products */,
			);
			sourceTree = "<group>";
		};
		C472048A2536C63500840B0B /* Products */ = {
			isa = PBXGroup;
			children = (
				C47204892536C63500840B0B /* CollectionIconDemo.app */,
			);
			name = Products;
			sourceTree = "<group>";
		};
		C472048B2536C63500840B0B /* CollectionIconDemo */ = {
			isa = PBXGroup;
			children = (
				C472048C2536C63500840B0B /* AppDelegate.swift */,
				C47204902536C63500840B0B /* ViewController.swift */,
				C47204A62536FF4C00840B0B /* CollectionIconView.swift */,
				C47204A22536C98100840B0B /* XTWaterFlowLayout.swift */,
				C47204A02536C87500840B0B /* CollectionViewCell.swift */,
				C47204922536C63500840B0B /* Main.storyboard */,
				C47204952536C63800840B0B /* Assets.xcassets */,
				C47204972536C63800840B0B /* LaunchScreen.storyboard */,
				C472049A2536C63800840B0B /* Info.plist */,
			);
			path = CollectionIconDemo;
			sourceTree = "<group>";
		};
/* End PBXGroup section */

/* Begin PBXNativeTarget section */
		C47204882536C63500840B0B /* CollectionIconDemo */ = {
			isa = PBXNativeTarget;
			buildConfigurationList = C472049D2536C63800840B0B /* Build configuration list for PBXNativeTarget "CollectionIconDemo" */;
			buildPhases = (
				C47204852536C63500840B0B /* Sources */,
				C47204862536C63500840B0B /* Frameworks */,
				C47204872536C63500840B0B /* Resources */,
			);
			buildRules = (
			);
			dependencies = (
			);
			name = CollectionIconDemo;
			productName = CollectionIconDemo;
			productReference = C47204892536C63500840B0B /* CollectionIconDemo.app */;
			productType = "com.apple.product-type.application";
		};
/* End PBXNativeTarget section */

/* Begin PBXProject section */
		C47204812536C63500840B0B /* Project object */ = {
			isa = PBXProject;
			attributes = {
				LastSwiftUpdateCheck = 1170;
				LastUpgradeCheck = 1170;
				ORGANIZATIONNAME = jingjun;
				TargetAttributes = {
					C47204882536C63500840B0B = {
						CreatedOnToolsVersion = 11.7;
					};
				};
			};
			buildConfigurationList = C47204842536C63500840B0B /* Build configuration list for PBXProject "CollectionIconDemo" */;
			compatibilityVersion = "Xcode 9.3";
			developmentRegion = en;
			hasScannedForEncodings = 0;
			knownRegions = (
				en,
				Base,
			);
			mainGroup = C47204802536C63500840B0B;
			productRefGroup = C472048A2536C63500840B0B /* Products */;
			projectDirPath = "";
			projectRoot = "";
			targets = (
				C47204882536C63500840B0B /* CollectionIconDemo */,
			);
		};
/* End PBXProject section */

/* Begin PBXResourcesBuildPhase section */
		C47204872536C63500840B0B /* Resources */ = {
			isa = PBXResourcesBuildPhase;
			buildActionMask = 2147483647;
			files = (
				C47204992536C63800840B0B /* LaunchScreen.storyboard in Resources */,
				C47204962536C63800840B0B /* Assets.xcassets in Resources */,
				C47204942536C63500840B0B /* Main.storyboard in Resources */,
			);
			runOnlyForDeploymentPostprocessing = 0;
		};
/* End PBXResourcesBuildPhase section */

/* Begin PBXSourcesBuildPhase section */
		C47204852536C63500840B0B /* Sources */ = {
			isa = PBXSourcesBuildPhase;
			buildActionMask = 2147483647;
			files = (
				C47204A32536C98100840B0B /* XTWaterFlowLayout.swift in Sources */,
				C47204A72536FF4C00840B0B /* CollectionIconView.swift in Sources */,
				C47204912536C63500840B0B /* ViewController.swift in Sources */,
				C472048D2536C63500840B0B /* AppDelegate.swift in Sources */,
				C47204A12536C87500840B0B /* CollectionViewCell.swift in Sources */,
			);
			runOnlyForDeploymentPostprocessing = 0;
		};
/* End PBXSourcesBuildPhase section */

/* Begin PBXVariantGroup section */
		C47204922536C63500840B0B /* Main.storyboard */ = {
			isa = PBXVariantGroup;
			children = (
				C47204932536C63500840B0B /* Base */,
			);
			name = Main.storyboard;
			sourceTree = "<group>";
		};
		C47204972536C63800840B0B /* LaunchScreen.storyboard */ = {
			isa = PBXVariantGroup;
			children = (
				C47204982536C63800840B0B /* Base */,
			);
			name = LaunchScreen.storyboard;
			sourceTree = "<group>";
		};
/* End PBXVariantGroup section */

/* Begin XCBuildConfiguration section */
		C472049B2536C63800840B0B /* Debug */ = {
			isa = XCBuildConfiguration;
			buildSettings = {
				ALWAYS_SEARCH_USER_PATHS = NO;
				CLANG_ANALYZER_NONNULL = YES;
				CLANG_ANALYZER_NUMBER_OBJECT_CONVERSION = YES_AGGRESSIVE;
				CLANG_CXX_LANGUAGE_STANDARD = "gnu++14";
				CLANG_CXX_LIBRARY = "libc++";
				CLANG_ENABLE_MODULES = YES;
				CLANG_ENABLE_OBJC_ARC = YES;
				CLANG_ENABLE_OBJC_WEAK = YES;
				CLANG_WARN_BLOCK_CAPTURE_AUTORELEASING = YES;
				CLANG_WARN_BOOL_CONVERSION = YES;
				CLANG_WARN_COMMA = YES;
				CLANG_WARN_CONSTANT_CONVERSION = YES;
				CLANG_WARN_DEPRECATED_OBJC_IMPLEMENTATIONS = YES;
				CLANG_WARN_DIRECT_OBJC_ISA_USAGE = YES_ERROR;
				CLANG_WARN_DOCUMENTATION_COMMENTS = YES;
				CLANG_WARN_EMPTY_BODY = YES;
				CLANG_WARN_ENUM_CONVERSION = YES;
				CLANG_WARN_INFINITE_RECURSION = YES;
				CLANG_WARN_INT_CONVERSION = YES;
				CLANG_WARN_NON_LITERAL_NULL_CONVERSION = YES;
				CLANG_WARN_OBJC_IMPLICIT_RETAIN_SELF = YES;
				CLANG_WARN_OBJC_LITERAL_CONVERSION = YES;
				CLANG_WARN_OBJC_ROOT_CLASS = YES_ERROR;
				CLANG_WARN_RANGE_LOOP_ANALYSIS = YES;
				CLANG_WARN_STRICT_PROTOTYPES = YES;
				CLANG_WARN_SUSPICIOUS_MOVE = YES;
				CLANG_WARN_UNGUARDED_AVAILABILITY = YES_AGGRESSIVE;
				CLANG_WARN_UNREACHABLE_CODE = YES;
				CLANG_WARN__DUPLICATE_METHOD_MATCH = YES;
				COPY_PHASE_STRIP = NO;
				DEBUG_INFORMATION_FORMAT = dwarf;
				ENABLE_STRICT_OBJC_MSGSEND = YES;
				ENABLE_TESTABILITY = YES;
				GCC_C_LANGUAGE_STANDARD = gnu11;
				GCC_DYNAMIC_NO_PIC = NO;
				GCC_NO_COMMON_BLOCKS = YES;
				GCC_OPTIMIZATION_LEVEL = 0;
				GCC_PREPROCESSOR_DEFINITIONS = (
					"DEBUG=1",
					"$(inherited)",
				);
				GCC_WARN_64_TO_32_BIT_CONVERSION = YES;
				GCC_WARN_ABOUT_RETURN_TYPE = YES_ERROR;
				GCC_WARN_UNDECLARED_SELECTOR = YES;
				GCC_WARN_UNINITIALIZED_AUTOS = YES_AGGRESSIVE;
				GCC_WARN_UNUSED_FUNCTION = YES;
				GCC_WARN_UNUSED_VARIABLE = YES;
				IPHONEOS_DEPLOYMENT_TARGET = 13.7;
				MTL_ENABLE_DEBUG_INFO = INCLUDE_SOURCE;
				MTL_FAST_MATH = YES;
				ONLY_ACTIVE_ARCH = YES;
				SDKROOT = iphoneos;
				SWIFT_ACTIVE_COMPILATION_CONDITIONS = DEBUG;
				SWIFT_OPTIMIZATION_LEVEL = "-Onone";
			};
			name = Debug;
		};
		C472049C2536C63800840B0B /* Release */ = {
			isa = XCBuildConfiguration;
			buildSettings = {
				ALWAYS_SEARCH_USER_PATHS = NO;
				CLANG_ANALYZER_NONNULL = YES;
				CLANG_ANALYZER_NUMBER_OBJECT_CONVERSION = YES_AGGRESSIVE;
				CLANG_CXX_LANGUAGE_STANDARD = "gnu++14";
				CLANG_CXX_LIBRARY = "libc++";
				CLANG_ENABLE_MODULES = YES;
				CLANG_ENABLE_OBJC_ARC = YES;
				CLANG_ENABLE_OBJC_WEAK = YES;
				CLANG_WARN_BLOCK_CAPTURE_AUTORELEASING = YES;
				CLANG_WARN_BOOL_CONVERSION = YES;
				CLANG_WARN_COMMA = YES;
				CLANG_WARN_CONSTANT_CONVERSION = YES;
				CLANG_WARN_DEPRECATED_OBJC_IMPLEMENTATIONS = YES;
				CLANG_WARN_DIRECT_OBJC_ISA_USAGE = YES_ERROR;
				CLANG_WARN_DOCUMENTATION_COMMENTS = YES;
				CLANG_WARN_EMPTY_BODY = YES;
				CLANG_WARN_ENUM_CONVERSION = YES;
				CLANG_WARN_INFINITE_RECURSION = YES;
				CLANG_WARN_INT_CONVERSION = YES;
				CLANG_WARN_NON_LITERAL_NULL_CONVERSION = YES;
				CLANG_WARN_OBJC_IMPLICIT_RETAIN_SELF = YES;
				CLANG_WARN_OBJC_LITERAL_CONVERSION = YES;
				CLANG_WARN_OBJC_ROOT_CLASS = YES_ERROR;
				CLANG_WARN_RANGE_LOOP_ANALYSIS = YES;
				CLANG_WARN_STRICT_PROTOTYPES = YES;
				CLANG_WARN_SUSPICIOUS_MOVE = YES;
				CLANG_WARN_UNGUARDED_AVAILABILITY = YES_AGGRESSIVE;
				CLANG_WARN_UNREACHABLE_CODE = YES;
				CLANG_WARN__DUPLICATE_METHOD_MATCH = YES;
				COPY_PHASE_STRIP = NO;
				DEBUG_INFORMATION_FORMAT = "dwarf-with-dsym";
				ENABLE_NS_ASSERTIONS = NO;
				ENABLE_STRICT_OBJC_MSGSEND = YES;
				GCC_C_LANGUAGE_STANDARD = gnu11;
				GCC_NO_COMMON_BLOCKS = YES;
				GCC_WARN_64_TO_32_BIT_CONVERSION = YES;
				GCC_WARN_ABOUT_RETURN_TYPE = YES_ERROR;
				GCC_WARN_UNDECLARED_SELECTOR = YES;
				GCC_WARN_UNINITIALIZED_AUTOS = YES_AGGRESSIVE;
				GCC_WARN_UNUSED_FUNCTION = YES;
				GCC_WARN_UNUSED_VARIABLE = YES;
				IPHONEOS_DEPLOYMENT_TARGET = 13.7;
				MTL_ENABLE_DEBUG_INFO = NO;
				MTL_FAST_MATH = YES;
				SDKROOT = iphoneos;
				SWIFT_COMPILATION_MODE = wholemodule;
				SWIFT_OPTIMIZATION_LEVEL = "-O";
				VALIDATE_PRODUCT = YES;
			};
			name = Release;
		};
		C472049E2536C63800840B0B /* Debug */ = {
			isa = XCBuildConfiguration;
			buildSettings = {
				ASSETCATALOG_COMPILER_APPICON_NAME = AppIcon;
				CODE_SIGN_STYLE = Automatic;
				DEVELOPMENT_TEAM = SX73SRB2SL;
				INFOPLIST_FILE = CollectionIconDemo/Info.plist;
				LD_RUNPATH_SEARCH_PATHS = (
					"$(inherited)",
					"@executable_path/Frameworks",
				);
				PRODUCT_BUNDLE_IDENTIFIER = com.jingjun.CollectionIconDemo;
				PRODUCT_NAME = "$(TARGET_NAME)";
				SWIFT_VERSION = 5.0;
				TARGETED_DEVICE_FAMILY = "1,2";
			};
			name = Debug;
		};
		C472049F2536C63800840B0B /* Release */ = {
			isa = XCBuildConfiguration;
			buildSettings = {
				ASSETCATALOG_COMPILER_APPICON_NAME = AppIcon;
				CODE_SIGN_STYLE = Automatic;
				DEVELOPMENT_TEAM = SX73SRB2SL;
				INFOPLIST_FILE = CollectionIconDemo/Info.plist;
				LD_RUNPATH_SEARCH_PATHS = (
					"$(inherited)",
					"@executable_path/Frameworks",
				);
				PRODUCT_BUNDLE_IDENTIFIER = com.jingjun.CollectionIconDemo;
				PRODUCT_NAME = "$(TARGET_NAME)";
				SWIFT_VERSION = 5.0;
				TARGETED_DEVICE_FAMILY = "1,2";
			};
			name = Release;
		};
/* End XCBuildConfiguration section */

/* Begin XCConfigurationList section */
		C47204842536C63500840B0B /* Build configuration list for PBXProject "CollectionIconDemo" */ = {
			isa = XCConfigurationList;
			buildConfigurations = (
				C472049B2536C63800840B0B /* Debug */,
				C472049C2536C63800840B0B /* Release */,
			);
			defaultConfigurationIsVisible = 0;
			defaultConfigurationName = Release;
		};
		C472049D2536C63800840B0B /* Build configuration list for PBXNativeTarget "CollectionIconDemo" */ = {
			isa = XCConfigurationList;
			buildConfigurations = (
				C472049E2536C63800840B0B /* Debug */,
				C472049F2536C63800840B0B /* Release */,
			);
			defaultConfigurationIsVisible = 0;
			defaultConfigurationName = Release;
		};
/* End XCConfigurationList section */
	};
	rootObject = C47204812536C63500840B0B /* Project object */;
}
